
Microsoft Visual Studio Solution File, Format Version 10.00
# Visual Studio 2008
Project("{8BC9CEB8-8B4A-11D0-8D11-00A0C91BC942}") = "MementoMode", "MementoMode\MementoMode.vcproj", "{D156B3D6-63DF-458E-91BE-5FB22A030BD9}"
EndProject
Global
	GlobalSection(SolutionConfigurationPlatforms) = preSolution
		Debug|Win32 = Debug|Win32
		Release|Win32 = Release|Win32
	EndGlobalSection
	GlobalSection(ProjectConfigurationPlatforms) = postSolution
		{D156B3D6-63DF-458E-91BE-5FB22A030BD9}.Debug|Win32.ActiveCfg = Debug|Win32
		{D156B3D6-63DF-458E-91BE-5FB22A030BD9}.Debug|Win32.Build.0 = Debug|Win32
		{D156B3D6-63DF-458E-91BE-5FB22A030BD9}.Release|Win32.ActiveCfg = Release|Win32
		{D156B3D6-63DF-458E-91BE-5FB22A030BD9}.Release|Win32.Build.0 = Release|Win32
	EndGlobalSection
	GlobalSection(SolutionProperties) = preSolution
		HideSolutionNode = FALSE
	EndGlobalSection
EndGlobal
